// !$*UTF8*$!
{
	archiveVersion = 1;
	classes = {
	};
	objectVersion = 56;
	objects = {

/* Begin PBXBuildFile section */
		5A25DC9D29FB91A900E9D2AB /* AddReportView.swift in Sources */ = {isa = PBXBuildFile; fileRef = 5A25DC9C29FB91A900E9D2AB /* AddReportView.swift */; };
		5A25DC9F29FB943000E9D2AB /* AddReportViewModel.swift in Sources */ = {isa = PBXBuildFile; fileRef = 5A25DC9E29FB943000E9D2AB /* AddReportViewModel.swift */; };
		5A25DCA329FBA5DA00E9D2AB /* ReportViewModel.swift in Sources */ = {isa = PBXBuildFile; fileRef = 5A25DCA229FBA5DA00E9D2AB /* ReportViewModel.swift */; };
		5A25DCA729FD51C800E9D2AB /* NaviView.swift in Sources */ = {isa = PBXBuildFile; fileRef = 5A25DCA629FD51C800E9D2AB /* NaviView.swift */; };
		5A25DCA929FD556400E9D2AB /* NaviViewModel.swift in Sources */ = {isa = PBXBuildFile; fileRef = 5A25DCA829FD556400E9D2AB /* NaviViewModel.swift */; };
		5A25DCAB29FE9AEC00E9D2AB /* CameraViewModel.swift in Sources */ = {isa = PBXBuildFile; fileRef = 5A25DCAA29FE9AEC00E9D2AB /* CameraViewModel.swift */; };
		5A25DCB329FF772700E9D2AB /* BarMarkView.swift in Sources */ = {isa = PBXBuildFile; fileRef = 5A25DCB229FF772700E9D2AB /* BarMarkView.swift */; };
		5A25DCB529FF7B1800E9D2AB /* BarMarkViewModel.swift in Sources */ = {isa = PBXBuildFile; fileRef = 5A25DCB429FF7B1800E9D2AB /* BarMarkViewModel.swift */; };
		5A25DCB729FF997500E9D2AB /* Date+.swift in Sources */ = {isa = PBXBuildFile; fileRef = 5A25DCB629FF997500E9D2AB /* Date+.swift */; };
		5A25DCBC2A009F8B00E9D2AB /* CircularTimeBarViewModel.swift in Sources */ = {isa = PBXBuildFile; fileRef = 5A25DCBB2A009F8B00E9D2AB /* CircularTimeBarViewModel.swift */; };
		5AFCD03D29F4136E00BA7A86 /* GoodPostureStudy_ryuApp.swift in Sources */ = {isa = PBXBuildFile; fileRef = 5AFCD03C29F4136E00BA7A86 /* GoodPostureStudy_ryuApp.swift */; };
		5AFCD03F29F4136E00BA7A86 /* StartUpView.swift in Sources */ = {isa = PBXBuildFile; fileRef = 5AFCD03E29F4136E00BA7A86 /* StartUpView.swift */; };
		5AFCD04129F4136F00BA7A86 /* Assets.xcassets in Resources */ = {isa = PBXBuildFile; fileRef = 5AFCD04029F4136F00BA7A86 /* Assets.xcassets */; };
		5AFCD04429F4136F00BA7A86 /* Preview Assets.xcassets in Resources */ = {isa = PBXBuildFile; fileRef = 5AFCD04329F4136F00BA7A86 /* Preview Assets.xcassets */; };
		5AFCD04629F4136F00BA7A86 /* Persistence.swift in Sources */ = {isa = PBXBuildFile; fileRef = 5AFCD04529F4136F00BA7A86 /* Persistence.swift */; };
		5AFCD04929F4136F00BA7A86 /* GoodPostureStudy_ryu.xcdatamodeld in Sources */ = {isa = PBXBuildFile; fileRef = 5AFCD04729F4136F00BA7A86 /* GoodPostureStudy_ryu.xcdatamodeld */; };
		5AFCD05129F41E5700BA7A86 /* Task+CoreDataClass.swift in Sources */ = {isa = PBXBuildFile; fileRef = 5AFCD04F29F41E5700BA7A86 /* Task+CoreDataClass.swift */; };
		5AFCD05229F41E5700BA7A86 /* Task+CoreDataProperties.swift in Sources */ = {isa = PBXBuildFile; fileRef = 5AFCD05029F41E5700BA7A86 /* Task+CoreDataProperties.swift */; };
		5AFCD05729F41FE800BA7A86 /* TaskDataModel.swift in Sources */ = {isa = PBXBuildFile; fileRef = 5AFCD05629F41FE800BA7A86 /* TaskDataModel.swift */; };
		5AFCD05B29F4324B00BA7A86 /* HomeView.swift in Sources */ = {isa = PBXBuildFile; fileRef = 5AFCD05A29F4324B00BA7A86 /* HomeView.swift */; };
		5AFCD05D29F4389100BA7A86 /* AddView.swift in Sources */ = {isa = PBXBuildFile; fileRef = 5AFCD05C29F4389100BA7A86 /* AddView.swift */; };
		5AFCD05F29F4398F00BA7A86 /* AddViewModel.swift in Sources */ = {isa = PBXBuildFile; fileRef = 5AFCD05E29F4398F00BA7A86 /* AddViewModel.swift */; };
		5AFCD06129F4406000BA7A86 /* ReportView.swift in Sources */ = {isa = PBXBuildFile; fileRef = 5AFCD06029F4406000BA7A86 /* ReportView.swift */; };
		5AFCD06329F4D98700BA7A86 /* CircularTimeBarView.swift in Sources */ = {isa = PBXBuildFile; fileRef = 5AFCD06229F4D98700BA7A86 /* CircularTimeBarView.swift */; };
		5AFCD06729F5430700BA7A86 /* HomeViewModel.swift in Sources */ = {isa = PBXBuildFile; fileRef = 5AFCD06629F5430700BA7A86 /* HomeViewModel.swift */; };
		5AFCD06B29F59A0B00BA7A86 /* BodyPoseView.swift in Sources */ = {isa = PBXBuildFile; fileRef = 5AFCD06A29F59A0B00BA7A86 /* BodyPoseView.swift */; };
		5AFCD06F29F6DA9300BA7A86 /* CircularProgressBarView.swift in Sources */ = {isa = PBXBuildFile; fileRef = 5AFCD06E29F6DA9300BA7A86 /* CircularProgressBarView.swift */; };
		5AFCD07129F77AFB00BA7A86 /* CameraView.swift in Sources */ = {isa = PBXBuildFile; fileRef = 5AFCD07029F77AFB00BA7A86 /* CameraView.swift */; };
		5AFCD07329F77B2600BA7A86 /* BodyLineView.swift in Sources */ = {isa = PBXBuildFile; fileRef = 5AFCD07229F77B2600BA7A86 /* BodyLineView.swift */; };
		5AFCD07529F77B9200BA7A86 /* BodyPoints.swift in Sources */ = {isa = PBXBuildFile; fileRef = 5AFCD07429F77B9200BA7A86 /* BodyPoints.swift */; };
		5AFCD07729F77D7900BA7A86 /* BodyPoseViewModel.swift in Sources */ = {isa = PBXBuildFile; fileRef = 5AFCD07629F77D7900BA7A86 /* BodyPoseViewModel.swift */; };
		5AFCD07A29F842E200BA7A86 /* PostureModel.swift in Sources */ = {isa = PBXBuildFile; fileRef = 5AFCD07929F842E200BA7A86 /* PostureModel.swift */; };
		5AFCD07D29F909C000BA7A86 /* Color+.swift in Sources */ = {isa = PBXBuildFile; fileRef = 5AFCD07C29F909C000BA7A86 /* Color+.swift */; };
/* End PBXBuildFile section */

/* Begin PBXFileReference section */
		5A25DC9C29FB91A900E9D2AB /* AddReportView.swift */ = {isa = PBXFileReference; lastKnownFileType = sourcecode.swift; path = AddReportView.swift; sourceTree = "<group>"; };
		5A25DC9E29FB943000E9D2AB /* AddReportViewModel.swift */ = {isa = PBXFileReference; lastKnownFileType = sourcecode.swift; path = AddReportViewModel.swift; sourceTree = "<group>"; };
		5A25DCA229FBA5DA00E9D2AB /* ReportViewModel.swift */ = {isa = PBXFileReference; lastKnownFileType = sourcecode.swift; path = ReportViewModel.swift; sourceTree = "<group>"; };
		5A25DCA629FD51C800E9D2AB /* NaviView.swift */ = {isa = PBXFileReference; lastKnownFileType = sourcecode.swift; path = NaviView.swift; sourceTree = "<group>"; };
		5A25DCA829FD556400E9D2AB /* NaviViewModel.swift */ = {isa = PBXFileReference; lastKnownFileType = sourcecode.swift; path = NaviViewModel.swift; sourceTree = "<group>"; };
		5A25DCAA29FE9AEC00E9D2AB /* CameraViewModel.swift */ = {isa = PBXFileReference; lastKnownFileType = sourcecode.swift; path = CameraViewModel.swift; sourceTree = "<group>"; };
		5A25DCB229FF772700E9D2AB /* BarMarkView.swift */ = {isa = PBXFileReference; lastKnownFileType = sourcecode.swift; path = BarMarkView.swift; sourceTree = "<group>"; };
		5A25DCB429FF7B1800E9D2AB /* BarMarkViewModel.swift */ = {isa = PBXFileReference; lastKnownFileType = sourcecode.swift; path = BarMarkViewModel.swift; sourceTree = "<group>"; };
		5A25DCB629FF997500E9D2AB /* Date+.swift */ = {isa = PBXFileReference; lastKnownFileType = sourcecode.swift; path = "Date+.swift"; sourceTree = "<group>"; };
		5A25DCBB2A009F8B00E9D2AB /* CircularTimeBarViewModel.swift */ = {isa = PBXFileReference; lastKnownFileType = sourcecode.swift; path = CircularTimeBarViewModel.swift; sourceTree = "<group>"; };
		5AFCD03929F4136E00BA7A86 /* GoodPostureStudy_ryu.app */ = {isa = PBXFileReference; explicitFileType = wrapper.application; includeInIndex = 0; path = GoodPostureStudy_ryu.app; sourceTree = BUILT_PRODUCTS_DIR; };
		5AFCD03C29F4136E00BA7A86 /* GoodPostureStudy_ryuApp.swift */ = {isa = PBXFileReference; lastKnownFileType = sourcecode.swift; path = GoodPostureStudy_ryuApp.swift; sourceTree = "<group>"; };
		5AFCD03E29F4136E00BA7A86 /* StartUpView.swift */ = {isa = PBXFileReference; lastKnownFileType = sourcecode.swift; path = StartUpView.swift; sourceTree = "<group>"; };
		5AFCD04029F4136F00BA7A86 /* Assets.xcassets */ = {isa = PBXFileReference; lastKnownFileType = folder.assetcatalog; path = Assets.xcassets; sourceTree = "<group>"; };
		5AFCD04329F4136F00BA7A86 /* Preview Assets.xcassets */ = {isa = PBXFileReference; lastKnownFileType = folder.assetcatalog; path = "Preview Assets.xcassets"; sourceTree = "<group>"; };
		5AFCD04529F4136F00BA7A86 /* Persistence.swift */ = {isa = PBXFileReference; lastKnownFileType = sourcecode.swift; path = Persistence.swift; sourceTree = "<group>"; };
		5AFCD04829F4136F00BA7A86 /* GoodPostureStudy_ryu.xcdatamodel */ = {isa = PBXFileReference; lastKnownFileType = wrapper.xcdatamodel; path = GoodPostureStudy_ryu.xcdatamodel; sourceTree = "<group>"; };
		5AFCD04F29F41E5700BA7A86 /* Task+CoreDataClass.swift */ = {isa = PBXFileReference; lastKnownFileType = sourcecode.swift; path = "Task+CoreDataClass.swift"; sourceTree = "<group>"; };
		5AFCD05029F41E5700BA7A86 /* Task+CoreDataProperties.swift */ = {isa = PBXFileReference; lastKnownFileType = sourcecode.swift; path = "Task+CoreDataProperties.swift"; sourceTree = "<group>"; };
		5AFCD05629F41FE800BA7A86 /* TaskDataModel.swift */ = {isa = PBXFileReference; lastKnownFileType = sourcecode.swift; path = TaskDataModel.swift; sourceTree = "<group>"; };
		5AFCD05A29F4324B00BA7A86 /* HomeView.swift */ = {isa = PBXFileReference; lastKnownFileType = sourcecode.swift; path = HomeView.swift; sourceTree = "<group>"; };
		5AFCD05C29F4389100BA7A86 /* AddView.swift */ = {isa = PBXFileReference; lastKnownFileType = sourcecode.swift; path = AddView.swift; sourceTree = "<group>"; };
		5AFCD05E29F4398F00BA7A86 /* AddViewModel.swift */ = {isa = PBXFileReference; lastKnownFileType = sourcecode.swift; path = AddViewModel.swift; sourceTree = "<group>"; };
		5AFCD06029F4406000BA7A86 /* ReportView.swift */ = {isa = PBXFileReference; lastKnownFileType = sourcecode.swift; path = ReportView.swift; sourceTree = "<group>"; };
		5AFCD06229F4D98700BA7A86 /* CircularTimeBarView.swift */ = {isa = PBXFileReference; lastKnownFileType = sourcecode.swift; path = CircularTimeBarView.swift; sourceTree = "<group>"; };
		5AFCD06629F5430700BA7A86 /* HomeViewModel.swift */ = {isa = PBXFileReference; lastKnownFileType = sourcecode.swift; path = HomeViewModel.swift; sourceTree = "<group>"; };
		5AFCD06A29F59A0B00BA7A86 /* BodyPoseView.swift */ = {isa = PBXFileReference; lastKnownFileType = sourcecode.swift; path = BodyPoseView.swift; sourceTree = "<group>"; };
		5AFCD06E29F6DA9300BA7A86 /* CircularProgressBarView.swift */ = {isa = PBXFileReference; lastKnownFileType = sourcecode.swift; path = CircularProgressBarView.swift; sourceTree = "<group>"; };
		5AFCD07029F77AFB00BA7A86 /* CameraView.swift */ = {isa = PBXFileReference; lastKnownFileType = sourcecode.swift; path = CameraView.swift; sourceTree = "<group>"; };
		5AFCD07229F77B2600BA7A86 /* BodyLineView.swift */ = {isa = PBXFileReference; lastKnownFileType = sourcecode.swift; path = BodyLineView.swift; sourceTree = "<group>"; };
		5AFCD07429F77B9200BA7A86 /* BodyPoints.swift */ = {isa = PBXFileReference; lastKnownFileType = sourcecode.swift; path = BodyPoints.swift; sourceTree = "<group>"; };
		5AFCD07629F77D7900BA7A86 /* BodyPoseViewModel.swift */ = {isa = PBXFileReference; lastKnownFileType = sourcecode.swift; path = BodyPoseViewModel.swift; sourceTree = "<group>"; };
		5AFCD07929F842E200BA7A86 /* PostureModel.swift */ = {isa = PBXFileReference; lastKnownFileType = sourcecode.swift; path = PostureModel.swift; sourceTree = "<group>"; };
		5AFCD07C29F909C000BA7A86 /* Color+.swift */ = {isa = PBXFileReference; lastKnownFileType = sourcecode.swift; path = "Color+.swift"; sourceTree = "<group>"; };
/* End PBXFileReference section */

/* Begin PBXFrameworksBuildPhase section */
		5AFCD03629F4136E00BA7A86 /* Frameworks */ = {
			isa = PBXFrameworksBuildPhase;
			buildActionMask = 2147483647;
			files = (
			);
			runOnlyForDeploymentPostprocessing = 0;
		};
/* End PBXFrameworksBuildPhase section */

/* Begin PBXGroup section */
		5AFCD03029F4136E00BA7A86 = {
			isa = PBXGroup;
			children = (
				5AFCD03B29F4136E00BA7A86 /* GoodPostureStudy_ryu */,
				5AFCD03A29F4136E00BA7A86 /* Products */,
			);
			sourceTree = "<group>";
		};
		5AFCD03A29F4136E00BA7A86 /* Products */ = {
			isa = PBXGroup;
			children = (
				5AFCD03929F4136E00BA7A86 /* GoodPostureStudy_ryu.app */,
			);
			name = Products;
			sourceTree = "<group>";
		};
		5AFCD03B29F4136E00BA7A86 /* GoodPostureStudy_ryu */ = {
			isa = PBXGroup;
			children = (
				5AFCD03C29F4136E00BA7A86 /* GoodPostureStudy_ryuApp.swift */,
				5AFCD05529F41F9400BA7A86 /* View */,
				5AFCD05429F41F7F00BA7A86 /* ViewModel */,
				5AFCD05329F41F6300BA7A86 /* Model */,
				5AFCD07B29F909A900BA7A86 /* Extentions */,
				5AFCD04029F4136F00BA7A86 /* Assets.xcassets */,
				5AFCD04529F4136F00BA7A86 /* Persistence.swift */,
				5AFCD04729F4136F00BA7A86 /* GoodPostureStudy_ryu.xcdatamodeld */,
				5AFCD04229F4136F00BA7A86 /* Preview Content */,
			);
			path = GoodPostureStudy_ryu;
			sourceTree = "<group>";
		};
		5AFCD04229F4136F00BA7A86 /* Preview Content */ = {
			isa = PBXGroup;
			children = (
				5AFCD04329F4136F00BA7A86 /* Preview Assets.xcassets */,
			);
			path = "Preview Content";
			sourceTree = "<group>";
		};
		5AFCD05329F41F6300BA7A86 /* Model */ = {
			isa = PBXGroup;
			children = (
				5AFCD05629F41FE800BA7A86 /* TaskDataModel.swift */,
				5AFCD07929F842E200BA7A86 /* PostureModel.swift */,
				5AFCD07429F77B9200BA7A86 /* BodyPoints.swift */,
				5AFCD04F29F41E5700BA7A86 /* Task+CoreDataClass.swift */,
				5AFCD05029F41E5700BA7A86 /* Task+CoreDataProperties.swift */,
			);
			path = Model;
			sourceTree = "<group>";
		};
		5AFCD05429F41F7F00BA7A86 /* ViewModel */ = {
			isa = PBXGroup;
			children = (
				5AFCD06629F5430700BA7A86 /* HomeViewModel.swift */,
				5A25DCA229FBA5DA00E9D2AB /* ReportViewModel.swift */,
				5AFCD07629F77D7900BA7A86 /* BodyPoseViewModel.swift */,
				5A25DCA829FD556400E9D2AB /* NaviViewModel.swift */,
				5AFCD05E29F4398F00BA7A86 /* AddViewModel.swift */,
				5A25DC9E29FB943000E9D2AB /* AddReportViewModel.swift */,
				5A25DCAA29FE9AEC00E9D2AB /* CameraViewModel.swift */,
				5A25DCB429FF7B1800E9D2AB /* BarMarkViewModel.swift */,
				5A25DCBB2A009F8B00E9D2AB /* CircularTimeBarViewModel.swift */,
			);
			path = ViewModel;
			sourceTree = "<group>";
		};
		5AFCD05529F41F9400BA7A86 /* View */ = {
			isa = PBXGroup;
			children = (
				5AFCD03E29F4136E00BA7A86 /* StartUpView.swift */,
				5AFCD05A29F4324B00BA7A86 /* HomeView.swift */,
				5AFCD05C29F4389100BA7A86 /* AddView.swift */,
				5AFCD06A29F59A0B00BA7A86 /* BodyPoseView.swift */,
				5A25DC9C29FB91A900E9D2AB /* AddReportView.swift */,
				5AFCD06029F4406000BA7A86 /* ReportView.swift */,
				5AFCD07829F77E2E00BA7A86 /* ViewMaterial */,
			);
			path = View;
			sourceTree = "<group>";
		};
		5AFCD07829F77E2E00BA7A86 /* ViewMaterial */ = {
			isa = PBXGroup;
			children = (
				5AFCD07029F77AFB00BA7A86 /* CameraView.swift */,
				5A25DCA629FD51C800E9D2AB /* NaviView.swift */,
				5AFCD07229F77B2600BA7A86 /* BodyLineView.swift */,
				5AFCD06E29F6DA9300BA7A86 /* CircularProgressBarView.swift */,
				5AFCD06229F4D98700BA7A86 /* CircularTimeBarView.swift */,
				5A25DCB229FF772700E9D2AB /* BarMarkView.swift */,
			);
			path = ViewMaterial;
			sourceTree = "<group>";
		};
		5AFCD07B29F909A900BA7A86 /* Extentions */ = {
			isa = PBXGroup;
			children = (
				5AFCD07C29F909C000BA7A86 /* Color+.swift */,
				5A25DCB629FF997500E9D2AB /* Date+.swift */,
			);
			path = Extentions;
			sourceTree = "<group>";
		};
/* End PBXGroup section */

/* Begin PBXNativeTarget section */
		5AFCD03829F4136E00BA7A86 /* GoodPostureStudy_ryu */ = {
			isa = PBXNativeTarget;
			buildConfigurationList = 5AFCD04C29F4136F00BA7A86 /* Build configuration list for PBXNativeTarget "GoodPostureStudy_ryu" */;
			buildPhases = (
				5AFCD03529F4136E00BA7A86 /* Sources */,
				5AFCD03629F4136E00BA7A86 /* Frameworks */,
				5AFCD03729F4136E00BA7A86 /* Resources */,
			);
			buildRules = (
			);
			dependencies = (
			);
			name = GoodPostureStudy_ryu;
			productName = GoodPostureStudy_ryu;
			productReference = 5AFCD03929F4136E00BA7A86 /* GoodPostureStudy_ryu.app */;
			productType = "com.apple.product-type.application";
		};
/* End PBXNativeTarget section */

/* Begin PBXProject section */
		5AFCD03129F4136E00BA7A86 /* Project object */ = {
			isa = PBXProject;
			attributes = {
				BuildIndependentTargetsInParallel = 1;
				LastSwiftUpdateCheck = 1420;
				LastUpgradeCheck = 1420;
				TargetAttributes = {
					5AFCD03829F4136E00BA7A86 = {
						CreatedOnToolsVersion = 14.2;
					};
				};
			};
			buildConfigurationList = 5AFCD03429F4136E00BA7A86 /* Build configuration list for PBXProject "GoodPostureStudy_ryu" */;
			compatibilityVersion = "Xcode 14.0";
			developmentRegion = en;
			hasScannedForEncodings = 0;
			knownRegions = (
				en,
				Base,
			);
			mainGroup = 5AFCD03029F4136E00BA7A86;
			productRefGroup = 5AFCD03A29F4136E00BA7A86 /* Products */;
			projectDirPath = "";
			projectRoot = "";
			targets = (
				5AFCD03829F4136E00BA7A86 /* GoodPostureStudy_ryu */,
			);
		};
/* End PBXProject section */

/* Begin PBXResourcesBuildPhase section */
		5AFCD03729F4136E00BA7A86 /* Resources */ = {
			isa = PBXResourcesBuildPhase;
			buildActionMask = 2147483647;
			files = (
				5AFCD04429F4136F00BA7A86 /* Preview Assets.xcassets in Resources */,
				5AFCD04129F4136F00BA7A86 /* Assets.xcassets in Resources */,
			);
			runOnlyForDeploymentPostprocessing = 0;
		};
/* End PBXResourcesBuildPhase section */

/* Begin PBXSourcesBuildPhase section */
		5AFCD03529F4136E00BA7A86 /* Sources */ = {
			isa = PBXSourcesBuildPhase;
			buildActionMask = 2147483647;
			files = (
				5A25DCA929FD556400E9D2AB /* NaviViewModel.swift in Sources */,
				5A25DCA329FBA5DA00E9D2AB /* ReportViewModel.swift in Sources */,
				5AFCD05B29F4324B00BA7A86 /* HomeView.swift in Sources */,
				5AFCD07729F77D7900BA7A86 /* BodyPoseViewModel.swift in Sources */,
				5AFCD04929F4136F00BA7A86 /* GoodPostureStudy_ryu.xcdatamodeld in Sources */,
				5A25DCB729FF997500E9D2AB /* Date+.swift in Sources */,
				5A25DCB329FF772700E9D2AB /* BarMarkView.swift in Sources */,
				5A25DCAB29FE9AEC00E9D2AB /* CameraViewModel.swift in Sources */,
				5AFCD05D29F4389100BA7A86 /* AddView.swift in Sources */,
				5A25DC9D29FB91A900E9D2AB /* AddReportView.swift in Sources */,
				5AFCD05129F41E5700BA7A86 /* Task+CoreDataClass.swift in Sources */,
				5AFCD06F29F6DA9300BA7A86 /* CircularProgressBarView.swift in Sources */,
				5AFCD04629F4136F00BA7A86 /* Persistence.swift in Sources */,
				5AFCD06129F4406000BA7A86 /* ReportView.swift in Sources */,
				5AFCD07A29F842E200BA7A86 /* PostureModel.swift in Sources */,
				5AFCD03F29F4136E00BA7A86 /* StartUpView.swift in Sources */,
				5AFCD05229F41E5700BA7A86 /* Task+CoreDataProperties.swift in Sources */,
				5AFCD07329F77B2600BA7A86 /* BodyLineView.swift in Sources */,
				5AFCD06729F5430700BA7A86 /* HomeViewModel.swift in Sources */,
				5AFCD07129F77AFB00BA7A86 /* CameraView.swift in Sources */,
				5AFCD06329F4D98700BA7A86 /* CircularTimeBarView.swift in Sources */,
				5A25DCA729FD51C800E9D2AB /* NaviView.swift in Sources */,
				5AFCD05729F41FE800BA7A86 /* TaskDataModel.swift in Sources */,
				5A25DCB529FF7B1800E9D2AB /* BarMarkViewModel.swift in Sources */,
				5A25DC9F29FB943000E9D2AB /* AddReportViewModel.swift in Sources */,
				5AFCD06B29F59A0B00BA7A86 /* BodyPoseView.swift in Sources */,
				5AFCD05F29F4398F00BA7A86 /* AddViewModel.swift in Sources */,
				5AFCD03D29F4136E00BA7A86 /* GoodPostureStudy_ryuApp.swift in Sources */,
				5AFCD07D29F909C000BA7A86 /* Color+.swift in Sources */,
				5A25DCBC2A009F8B00E9D2AB /* CircularTimeBarViewModel.swift in Sources */,
				5AFCD07529F77B9200BA7A86 /* BodyPoints.swift in Sources */,
			);
			runOnlyForDeploymentPostprocessing = 0;
		};
/* End PBXSourcesBuildPhase section */

/* Begin XCBuildConfiguration section */
		5AFCD04A29F4136F00BA7A86 /* Debug */ = {
			isa = XCBuildConfiguration;
			buildSettings = {
				ALWAYS_SEARCH_USER_PATHS = NO;
				CLANG_ANALYZER_NONNULL = YES;
				CLANG_ANALYZER_NUMBER_OBJECT_CONVERSION = YES_AGGRESSIVE;
				CLANG_CXX_LANGUAGE_STANDARD = "gnu++20";
				CLANG_ENABLE_MODULES = YES;
				CLANG_ENABLE_OBJC_ARC = YES;
				CLANG_ENABLE_OBJC_WEAK = YES;
				CLANG_WARN_BLOCK_CAPTURE_AUTORELEASING = YES;
				CLANG_WARN_BOOL_CONVERSION = YES;
				CLANG_WARN_COMMA = YES;
				CLANG_WARN_CONSTANT_CONVERSION = YES;
				CLANG_WARN_DEPRECATED_OBJC_IMPLEMENTATIONS = YES;
				CLANG_WARN_DIRECT_OBJC_ISA_USAGE = YES_ERROR;
				CLANG_WARN_DOCUMENTATION_COMMENTS = YES;
				CLANG_WARN_EMPTY_BODY = YES;
				CLANG_WARN_ENUM_CONVERSION = YES;
				CLANG_WARN_INFINITE_RECURSION = YES;
				CLANG_WARN_INT_CONVERSION = YES;
				CLANG_WARN_NON_LITERAL_NULL_CONVERSION = YES;
				CLANG_WARN_OBJC_IMPLICIT_RETAIN_SELF = YES;
				CLANG_WARN_OBJC_LITERAL_CONVERSION = YES;
				CLANG_WARN_OBJC_ROOT_CLASS = YES_ERROR;
				CLANG_WARN_QUOTED_INCLUDE_IN_FRAMEWORK_HEADER = YES;
				CLANG_WARN_RANGE_LOOP_ANALYSIS = YES;
				CLANG_WARN_STRICT_PROTOTYPES = YES;
				CLANG_WARN_SUSPICIOUS_MOVE = YES;
				CLANG_WARN_UNGUARDED_AVAILABILITY = YES_AGGRESSIVE;
				CLANG_WARN_UNREACHABLE_CODE = YES;
				CLANG_WARN__DUPLICATE_METHOD_MATCH = YES;
				COPY_PHASE_STRIP = NO;
				DEBUG_INFORMATION_FORMAT = dwarf;
				ENABLE_STRICT_OBJC_MSGSEND = YES;
				ENABLE_TESTABILITY = YES;
				GCC_C_LANGUAGE_STANDARD = gnu11;
				GCC_DYNAMIC_NO_PIC = NO;
				GCC_NO_COMMON_BLOCKS = YES;
				GCC_OPTIMIZATION_LEVEL = 0;
				GCC_PREPROCESSOR_DEFINITIONS = (
					"DEBUG=1",
					"$(inherited)",
				);
				GCC_WARN_64_TO_32_BIT_CONVERSION = YES;
				GCC_WARN_ABOUT_RETURN_TYPE = YES_ERROR;
				GCC_WARN_UNDECLARED_SELECTOR = YES;
				GCC_WARN_UNINITIALIZED_AUTOS = YES_AGGRESSIVE;
				GCC_WARN_UNUSED_FUNCTION = YES;
				GCC_WARN_UNUSED_VARIABLE = YES;
				IPHONEOS_DEPLOYMENT_TARGET = 16.2;
				MTL_ENABLE_DEBUG_INFO = INCLUDE_SOURCE;
				MTL_FAST_MATH = YES;
				ONLY_ACTIVE_ARCH = YES;
				SDKROOT = iphoneos;
				SWIFT_ACTIVE_COMPILATION_CONDITIONS = DEBUG;
				SWIFT_OPTIMIZATION_LEVEL = "-Onone";
			};
			name = Debug;
		};
		5AFCD04B29F4136F00BA7A86 /* Release */ = {
			isa = XCBuildConfiguration;
			buildSettings = {
				ALWAYS_SEARCH_USER_PATHS = NO;
				CLANG_ANALYZER_NONNULL = YES;
				CLANG_ANALYZER_NUMBER_OBJECT_CONVERSION = YES_AGGRESSIVE;
				CLANG_CXX_LANGUAGE_STANDARD = "gnu++20";
				CLANG_ENABLE_MODULES = YES;
				CLANG_ENABLE_OBJC_ARC = YES;
				CLANG_ENABLE_OBJC_WEAK = YES;
				CLANG_WARN_BLOCK_CAPTURE_AUTORELEASING = YES;
				CLANG_WARN_BOOL_CONVERSION = YES;
				CLANG_WARN_COMMA = YES;
				CLANG_WARN_CONSTANT_CONVERSION = YES;
				CLANG_WARN_DEPRECATED_OBJC_IMPLEMENTATIONS = YES;
				CLANG_WARN_DIRECT_OBJC_ISA_USAGE = YES_ERROR;
				CLANG_WARN_DOCUMENTATION_COMMENTS = YES;
				CLANG_WARN_EMPTY_BODY = YES;
				CLANG_WARN_ENUM_CONVERSION = YES;
				CLANG_WARN_INFINITE_RECURSION = YES;
				CLANG_WARN_INT_CONVERSION = YES;
				CLANG_WARN_NON_LITERAL_NULL_CONVERSION = YES;
				CLANG_WARN_OBJC_IMPLICIT_RETAIN_SELF = YES;
				CLANG_WARN_OBJC_LITERAL_CONVERSION = YES;
				CLANG_WARN_OBJC_ROOT_CLASS = YES_ERROR;
				CLANG_WARN_QUOTED_INCLUDE_IN_FRAMEWORK_HEADER = YES;
				CLANG_WARN_RANGE_LOOP_ANALYSIS = YES;
				CLANG_WARN_STRICT_PROTOTYPES = YES;
				CLANG_WARN_SUSPICIOUS_MOVE = YES;
				CLANG_WARN_UNGUARDED_AVAILABILITY = YES_AGGRESSIVE;
				CLANG_WARN_UNREACHABLE_CODE = YES;
				CLANG_WARN__DUPLICATE_METHOD_MATCH = YES;
				COPY_PHASE_STRIP = NO;
				DEBUG_INFORMATION_FORMAT = "dwarf-with-dsym";
				ENABLE_NS_ASSERTIONS = NO;
				ENABLE_STRICT_OBJC_MSGSEND = YES;
				GCC_C_LANGUAGE_STANDARD = gnu11;
				GCC_NO_COMMON_BLOCKS = YES;
				GCC_WARN_64_TO_32_BIT_CONVERSION = YES;
				GCC_WARN_ABOUT_RETURN_TYPE = YES_ERROR;
				GCC_WARN_UNDECLARED_SELECTOR = YES;
				GCC_WARN_UNINITIALIZED_AUTOS = YES_AGGRESSIVE;
				GCC_WARN_UNUSED_FUNCTION = YES;
				GCC_WARN_UNUSED_VARIABLE = YES;
				IPHONEOS_DEPLOYMENT_TARGET = 16.2;
				MTL_ENABLE_DEBUG_INFO = NO;
				MTL_FAST_MATH = YES;
				SDKROOT = iphoneos;
				SWIFT_COMPILATION_MODE = wholemodule;
				SWIFT_OPTIMIZATION_LEVEL = "-O";
				VALIDATE_PRODUCT = YES;
			};
			name = Release;
		};
		5AFCD04D29F4136F00BA7A86 /* Debug */ = {
			isa = XCBuildConfiguration;
			buildSettings = {
				ASSETCATALOG_COMPILER_APPICON_NAME = AppIcon;
				ASSETCATALOG_COMPILER_GLOBAL_ACCENT_COLOR_NAME = AccentColor;
				CODE_SIGN_STYLE = Automatic;
				CURRENT_PROJECT_VERSION = 1;
				DEVELOPMENT_ASSET_PATHS = "\"GoodPostureStudy_ryu/Preview Content\"";
				DEVELOPMENT_TEAM = 254E5TZV4C;
				ENABLE_PREVIEWS = YES;
				GENERATE_INFOPLIST_FILE = YES;
				INFOPLIST_KEY_NSCameraUsageDescription = "姿勢を検知するためにカメラを使用します。";
				INFOPLIST_KEY_UIApplicationSceneManifest_Generation = YES;
				INFOPLIST_KEY_UIApplicationSupportsIndirectInputEvents = YES;
				INFOPLIST_KEY_UILaunchScreen_Generation = YES;
				INFOPLIST_KEY_UISupportedInterfaceOrientations = UIInterfaceOrientationPortrait;
				INFOPLIST_KEY_UISupportedInterfaceOrientations_iPad = "UIInterfaceOrientationLandscapeLeft UIInterfaceOrientationLandscapeRight UIInterfaceOrientationPortrait UIInterfaceOrientationPortraitUpsideDown";
				INFOPLIST_KEY_UIUserInterfaceStyle = Light;
				LD_RUNPATH_SEARCH_PATHS = (
					"$(inherited)",
					"@executable_path/Frameworks",
				);
				MARKETING_VERSION = 1.0;
				PRODUCT_BUNDLE_IDENTIFIER = "ryumagicryu.GoodPostureStudy-ryu";
				PRODUCT_NAME = "$(TARGET_NAME)";
				SUPPORTED_PLATFORMS = "iphoneos iphonesimulator";
				SUPPORTS_MACCATALYST = NO;
				SUPPORTS_MAC_DESIGNED_FOR_IPHONE_IPAD = NO;
				SWIFT_EMIT_LOC_STRINGS = YES;
				SWIFT_VERSION = 5.0;
				TARGETED_DEVICE_FAMILY = 1;
			};
			name = Debug;
		};
		5AFCD04E29F4136F00BA7A86 /* Release */ = {
			isa = XCBuildConfiguration;
			buildSettings = {
				ASSETCATALOG_COMPILER_APPICON_NAME = AppIcon;
				ASSETCATALOG_COMPILER_GLOBAL_ACCENT_COLOR_NAME = AccentColor;
				CODE_SIGN_STYLE = Automatic;
				CURRENT_PROJECT_VERSION = 1;
				DEVELOPMENT_ASSET_PATHS = "\"GoodPostureStudy_ryu/Preview Content\"";
				DEVELOPMENT_TEAM = 254E5TZV4C;
				ENABLE_PREVIEWS = YES;
				GENERATE_INFOPLIST_FILE = YES;
				INFOPLIST_KEY_NSCameraUsageDescription = "姿勢を検知するためにカメラを使用します。";
				INFOPLIST_KEY_UIApplicationSceneManifest_Generation = YES;
				INFOPLIST_KEY_UIApplicationSupportsIndirectInputEvents = YES;
				INFOPLIST_KEY_UILaunchScreen_Generation = YES;
				INFOPLIST_KEY_UISupportedInterfaceOrientations = UIInterfaceOrientationPortrait;
				INFOPLIST_KEY_UISupportedInterfaceOrientations_iPad = "UIInterfaceOrientationLandscapeLeft UIInterfaceOrientationLandscapeRight UIInterfaceOrientationPortrait UIInterfaceOrientationPortraitUpsideDown";
				INFOPLIST_KEY_UIUserInterfaceStyle = Light;
				LD_RUNPATH_SEARCH_PATHS = (
					"$(inherited)",
					"@executable_path/Frameworks",
				);
				MARKETING_VERSION = 1.0;
				PRODUCT_BUNDLE_IDENTIFIER = "ryumagicryu.GoodPostureStudy-ryu";
				PRODUCT_NAME = "$(TARGET_NAME)";
				SUPPORTED_PLATFORMS = "iphoneos iphonesimulator";
				SUPPORTS_MACCATALYST = NO;
				SUPPORTS_MAC_DESIGNED_FOR_IPHONE_IPAD = NO;
				SWIFT_EMIT_LOC_STRINGS = YES;
				SWIFT_VERSION = 5.0;
				TARGETED_DEVICE_FAMILY = 1;
			};
			name = Release;
		};
/* End XCBuildConfiguration section */

/* Begin XCConfigurationList section */
		5AFCD03429F4136E00BA7A86 /* Build configuration list for PBXProject "GoodPostureStudy_ryu" */ = {
			isa = XCConfigurationList;
			buildConfigurations = (
				5AFCD04A29F4136F00BA7A86 /* Debug */,
				5AFCD04B29F4136F00BA7A86 /* Release */,
			);
			defaultConfigurationIsVisible = 0;
			defaultConfigurationName = Release;
		};
		5AFCD04C29F4136F00BA7A86 /* Build configuration list for PBXNativeTarget "GoodPostureStudy_ryu" */ = {
			isa = XCConfigurationList;
			buildConfigurations = (
				5AFCD04D29F4136F00BA7A86 /* Debug */,
				5AFCD04E29F4136F00BA7A86 /* Release */,
			);
			defaultConfigurationIsVisible = 0;
			defaultConfigurationName = Release;
		};
/* End XCConfigurationList section */

/* Begin XCVersionGroup section */
		5AFCD04729F4136F00BA7A86 /* GoodPostureStudy_ryu.xcdatamodeld */ = {
			isa = XCVersionGroup;
			children = (
				5AFCD04829F4136F00BA7A86 /* GoodPostureStudy_ryu.xcdatamodel */,
			);
			currentVersion = 5AFCD04829F4136F00BA7A86 /* GoodPostureStudy_ryu.xcdatamodel */;
			path = GoodPostureStudy_ryu.xcdatamodeld;
			sourceTree = "<group>";
			versionGroupType = wrapper.xcdatamodel;
		};
/* End XCVersionGroup section */
	};
	rootObject = 5AFCD03129F4136E00BA7A86 /* Project object */;
}
